// !$*UTF8*$!
{
	archiveVersion = 1;
	classes = {
	};
	objectVersion = 56;
	objects = {

/* Begin PBXBuildFile section */
		687DC1F12AB41350002A1208 /* AppDelegate.swift in Sources */ = {isa = PBXBuildFile; fileRef = 687DC1F02AB41350002A1208 /* AppDelegate.swift */; };
		687DC1F32AB41350002A1208 /* SceneDelegate.swift in Sources */ = {isa = PBXBuildFile; fileRef = 687DC1F22AB41350002A1208 /* SceneDelegate.swift */; };
		687DC1F52AB41350002A1208 /* ViewController.swift in Sources */ = {isa = PBXBuildFile; fileRef = 687DC1F42AB41350002A1208 /* ViewController.swift */; };
		687DC1F82AB41350002A1208 /* Main.storyboard in Resources */ = {isa = PBXBuildFile; fileRef = 687DC1F62AB41350002A1208 /* Main.storyboard */; };
		687DC1FA2AB41351002A1208 /* Assets.xcassets in Resources */ = {isa = PBXBuildFile; fileRef = 687DC1F92AB41351002A1208 /* Assets.xcassets */; };
		687DC1FD2AB41351002A1208 /* LaunchScreen.storyboard in Resources */ = {isa = PBXBuildFile; fileRef = 687DC1FB2AB41351002A1208 /* LaunchScreen.storyboard */; };
		687DC2062AB41491002A1208 /* audio_file.mp3 in Resources */ = {isa = PBXBuildFile; fileRef = 687DC2052AB41491002A1208 /* audio_file.mp3 */; };
		687DC2082AB41B54002A1208 /* Chaand Taare Yes Boss 320 Kbps.mp3 in Resources */ = {isa = PBXBuildFile; fileRef = 687DC2072AB41B54002A1208 /* Chaand Taare Yes Boss 320 Kbps.mp3 */; };
/* End PBXBuildFile section */

/* Begin PBXFileReference section */
		687DC1ED2AB41350002A1208 /* 07_08_2023_AssignmentSolutions.app */ = {isa = PBXFileReference; explicitFileType = wrapper.application; includeInIndex = 0; path = 07_08_2023_AssignmentSolutions.app; sourceTree = BUILT_PRODUCTS_DIR; };
		687DC1F02AB41350002A1208 /* AppDelegate.swift */ = {isa = PBXFileReference; lastKnownFileType = sourcecode.swift; path = AppDelegate.swift; sourceTree = "<group>"; };
		687DC1F22AB41350002A1208 /* SceneDelegate.swift */ = {isa = PBXFileReference; lastKnownFileType = sourcecode.swift; path = SceneDelegate.swift; sourceTree = "<group>"; };
		687DC1F42AB41350002A1208 /* ViewController.swift */ = {isa = PBXFileReference; lastKnownFileType = sourcecode.swift; path = ViewController.swift; sourceTree = "<group>"; };
		687DC1F72AB41350002A1208 /* Base */ = {isa = PBXFileReference; lastKnownFileType = file.storyboard; name = Base; path = Base.lproj/Main.storyboard; sourceTree = "<group>"; };
		687DC1F92AB41351002A1208 /* Assets.xcassets */ = {isa = PBXFileReference; lastKnownFileType = folder.assetcatalog; path = Assets.xcassets; sourceTree = "<group>"; };
		687DC1FC2AB41351002A1208 /* Base */ = {isa = PBXFileReference; lastKnownFileType = file.storyboard; name = Base; path = Base.lproj/LaunchScreen.storyboard; sourceTree = "<group>"; };
		687DC1FE2AB41351002A1208 /* Info.plist */ = {isa = PBXFileReference; lastKnownFileType = text.plist.xml; path = Info.plist; sourceTree = "<group>"; };
		687DC2052AB41491002A1208 /* audio_file.mp3 */ = {isa = PBXFileReference; lastKnownFileType = audio.mp3; path = audio_file.mp3; sourceTree = "<group>"; };
		687DC2072AB41B54002A1208 /* Chaand Taare Yes Boss 320 Kbps.mp3 */ = {isa = PBXFileReference; lastKnownFileType = audio.mp3; name = "Chaand Taare Yes Boss 320 Kbps.mp3"; path = "../../../../../../Downloads/Chaand Taare Yes Boss 320 Kbps.mp3"; sourceTree = "<group>"; };
/* End PBXFileReference section */

/* Begin PBXFrameworksBuildPhase section */
		687DC1EA2AB41350002A1208 /* Frameworks */ = {
			isa = PBXFrameworksBuildPhase;
			buildActionMask = 2147483647;
			files = (
			);
			runOnlyForDeploymentPostprocessing = 0;
		};
/* End PBXFrameworksBuildPhase section */

/* Begin PBXGroup section */
		687DC1E42AB41350002A1208 = {
			isa = PBXGroup;
			children = (
				687DC1EF2AB41350002A1208 /* 07_08_2023_AssignmentSolutions */,
				687DC1EE2AB41350002A1208 /* Products */,
			);
			sourceTree = "<group>";
		};
		687DC1EE2AB41350002A1208 /* Products */ = {
			isa = PBXGroup;
			children = (
				687DC1ED2AB41350002A1208 /* 07_08_2023_AssignmentSolutions.app */,
			);
			name = Products;
			sourceTree = "<group>";
		};
		687DC1EF2AB41350002A1208 /* 07_08_2023_AssignmentSolutions */ = {
			isa = PBXGroup;
			children = (
				687DC2042AB4145A002A1208 /* AudioFiles */,
				687DC1F02AB41350002A1208 /* AppDelegate.swift */,
				687DC1F22AB41350002A1208 /* SceneDelegate.swift */,
				687DC1F42AB41350002A1208 /* ViewController.swift */,
				687DC1F62AB41350002A1208 /* Main.storyboard */,
				687DC1F92AB41351002A1208 /* Assets.xcassets */,
				687DC1FB2AB41351002A1208 /* LaunchScreen.storyboard */,
				687DC1FE2AB41351002A1208 /* Info.plist */,
			);
			path = 07_08_2023_AssignmentSolutions;
			sourceTree = "<group>";
		};
		687DC2042AB4145A002A1208 /* AudioFiles */ = {
			isa = PBXGroup;
			children = (
				687DC2072AB41B54002A1208 /* Chaand Taare Yes Boss 320 Kbps.mp3 */,
				687DC2052AB41491002A1208 /* audio_file.mp3 */,
			);
			path = AudioFiles;
			sourceTree = "<group>";
		};
/* End PBXGroup section */

/* Begin PBXNativeTarget section */
		687DC1EC2AB41350002A1208 /* 07_08_2023_AssignmentSolutions */ = {
			isa = PBXNativeTarget;
			buildConfigurationList = 687DC2012AB41351002A1208 /* Build configuration list for PBXNativeTarget "07_08_2023_AssignmentSolutions" */;
			buildPhases = (
				687DC1E92AB41350002A1208 /* Sources */,
				687DC1EA2AB41350002A1208 /* Frameworks */,
				687DC1EB2AB41350002A1208 /* Resources */,
			);
			buildRules = (
			);
			dependencies = (
			);
			name = 07_08_2023_AssignmentSolutions;
			productName = 07_08_2023_AssignmentSolutions;
			productReference = 687DC1ED2AB41350002A1208 /* 07_08_2023_AssignmentSolutions.app */;
			productType = "com.apple.product-type.application";
		};
/* End PBXNativeTarget section */

/* Begin PBXProject section */
		687DC1E52AB41350002A1208 /* Project object */ = {
			isa = PBXProject;
			attributes = {
				BuildIndependentTargetsInParallel = 1;
				LastSwiftUpdateCheck = 1400;
				LastUpgradeCheck = 1400;
				TargetAttributes = {
					687DC1EC2AB41350002A1208 = {
						CreatedOnToolsVersion = 14.0;
					};
				};
			};
			buildConfigurationList = 687DC1E82AB41350002A1208 /* Build configuration list for PBXProject "07_08_2023_AssignmentSolutions" */;
			compatibilityVersion = "Xcode 14.0";
			developmentRegion = en;
			hasScannedForEncodings = 0;
			knownRegions = (
				en,
				Base,
			);
			mainGroup = 687DC1E42AB41350002A1208;
			productRefGroup = 687DC1EE2AB41350002A1208 /* Products */;
			projectDirPath = "";
			projectRoot = "";
			targets = (
				687DC1EC2AB41350002A1208 /* 07_08_2023_AssignmentSolutions */,
			);
		};
/* End PBXProject section */

/* Begin PBXResourcesBuildPhase section */
		687DC1EB2AB41350002A1208 /* Resources */ = {
			isa = PBXResourcesBuildPhase;
			buildActionMask = 2147483647;
			files = (
				687DC2082AB41B54002A1208 /* Chaand Taare Yes Boss 320 Kbps.mp3 in Resources */,
				687DC1FD2AB41351002A1208 /* LaunchScreen.storyboard in Resources */,
				687DC2062AB41491002A1208 /* audio_file.mp3 in Resources */,
				687DC1FA2AB41351002A1208 /* Assets.xcassets in Resources */,
				687DC1F82AB41350002A1208 /* Main.storyboard in Resources */,
			);
			runOnlyForDeploymentPostprocessing = 0;
		};
/* End PBXResourcesBuildPhase section */

/* Begin PBXSourcesBuildPhase section */
		687DC1E92AB41350002A1208 /* Sources */ = {
			isa = PBXSourcesBuildPhase;
			buildActionMask = 2147483647;
			files = (
				687DC1F52AB41350002A1208 /* ViewController.swift in Sources */,
				687DC1F12AB41350002A1208 /* AppDelegate.swift in Sources */,
				687DC1F32AB41350002A1208 /* SceneDelegate.swift in Sources */,
			);
			runOnlyForDeploymentPostprocessing = 0;
		};
/* End PBXSourcesBuildPhase section */

/* Begin PBXVariantGroup section */
		687DC1F62AB41350002A1208 /* Main.storyboard */ = {
			isa = PBXVariantGroup;
			children = (
				687DC1F72AB41350002A1208 /* Base */,
			);
			name = Main.storyboard;
			sourceTree = "<group>";
		};
		687DC1FB2AB41351002A1208 /* LaunchScreen.storyboard */ = {
			isa = PBXVariantGroup;
			children = (
				687DC1FC2AB41351002A1208 /* Base */,
			);
			name = LaunchScreen.storyboard;
			sourceTree = "<group>";
		};
/* End PBXVariantGroup section */

/* Begin XCBuildConfiguration section */
		687DC1FF2AB41351002A1208 /* Debug */ = {
			isa = XCBuildConfiguration;
			buildSettings = {
				ALWAYS_SEARCH_USER_PATHS = NO;
				CLANG_ANALYZER_NONNULL = YES;
				CLANG_ANALYZER_NUMBER_OBJECT_CONVERSION = YES_AGGRESSIVE;
				CLANG_CXX_LANGUAGE_STANDARD = "gnu++20";
				CLANG_ENABLE_MODULES = YES;
				CLANG_ENABLE_OBJC_ARC = YES;
				CLANG_ENABLE_OBJC_WEAK = YES;
				CLANG_WARN_BLOCK_CAPTURE_AUTORELEASING = YES;
				CLANG_WARN_BOOL_CONVERSION = YES;
				CLANG_WARN_COMMA = YES;
				CLANG_WARN_CONSTANT_CONVERSION = YES;
				CLANG_WARN_DEPRECATED_OBJC_IMPLEMENTATIONS = YES;
				CLANG_WARN_DIRECT_OBJC_ISA_USAGE = YES_ERROR;
				CLANG_WARN_DOCUMENTATION_COMMENTS = YES;
				CLANG_WARN_EMPTY_BODY = YES;
				CLANG_WARN_ENUM_CONVERSION = YES;
				CLANG_WARN_INFINITE_RECURSION = YES;
				CLANG_WARN_INT_CONVERSION = YES;
				CLANG_WARN_NON_LITERAL_NULL_CONVERSION = YES;
				CLANG_WARN_OBJC_IMPLICIT_RETAIN_SELF = YES;
				CLANG_WARN_OBJC_LITERAL_CONVERSION = YES;
				CLANG_WARN_OBJC_ROOT_CLASS = YES_ERROR;
				CLANG_WARN_QUOTED_INCLUDE_IN_FRAMEWORK_HEADER = YES;
				CLANG_WARN_RANGE_LOOP_ANALYSIS = YES;
				CLANG_WARN_STRICT_PROTOTYPES = YES;
				CLANG_WARN_SUSPICIOUS_MOVE = YES;
				CLANG_WARN_UNGUARDED_AVAILABILITY = YES_AGGRESSIVE;
				CLANG_WARN_UNREACHABLE_CODE = YES;
				CLANG_WARN__DUPLICATE_METHOD_MATCH = YES;
				COPY_PHASE_STRIP = NO;
				DEBUG_INFORMATION_FORMAT = dwarf;
				ENABLE_STRICT_OBJC_MSGSEND = YES;
				ENABLE_TESTABILITY = YES;
				GCC_C_LANGUAGE_STANDARD = gnu11;
				GCC_DYNAMIC_NO_PIC = NO;
				GCC_NO_COMMON_BLOCKS = YES;
				GCC_OPTIMIZATION_LEVEL = 0;
				GCC_PREPROCESSOR_DEFINITIONS = (
					"DEBUG=1",
					"$(inherited)",
				);
				GCC_WARN_64_TO_32_BIT_CONVERSION = YES;
				GCC_WARN_ABOUT_RETURN_TYPE = YES_ERROR;
				GCC_WARN_UNDECLARED_SELECTOR = YES;
				GCC_WARN_UNINITIALIZED_AUTOS = YES_AGGRESSIVE;
				GCC_WARN_UNUSED_FUNCTION = YES;
				GCC_WARN_UNUSED_VARIABLE = YES;
				IPHONEOS_DEPLOYMENT_TARGET = 16.0;
				MTL_ENABLE_DEBUG_INFO = INCLUDE_SOURCE;
				MTL_FAST_MATH = YES;
				ONLY_ACTIVE_ARCH = YES;
				SDKROOT = iphoneos;
				SWIFT_ACTIVE_COMPILATION_CONDITIONS = DEBUG;
				SWIFT_OPTIMIZATION_LEVEL = "-Onone";
			};
			name = Debug;
		};
		687DC2002AB41351002A1208 /* Release */ = {
			isa = XCBuildConfiguration;
			buildSettings = {
				ALWAYS_SEARCH_USER_PATHS = NO;
				CLANG_ANALYZER_NONNULL = YES;
				CLANG_ANALYZER_NUMBER_OBJECT_CONVERSION = YES_AGGRESSIVE;
				CLANG_CXX_LANGUAGE_STANDARD = "gnu++20";
				CLANG_ENABLE_MODULES = YES;
				CLANG_ENABLE_OBJC_ARC = YES;
				CLANG_ENABLE_OBJC_WEAK = YES;
				CLANG_WARN_BLOCK_CAPTURE_AUTORELEASING = YES;
				CLANG_WARN_BOOL_CONVERSION = YES;
				CLANG_WARN_COMMA = YES;
				CLANG_WARN_CONSTANT_CONVERSION = YES;
				CLANG_WARN_DEPRECATED_OBJC_IMPLEMENTATIONS = YES;
				CLANG_WARN_DIRECT_OBJC_ISA_USAGE = YES_ERROR;
				CLANG_WARN_DOCUMENTATION_COMMENTS = YES;
				CLANG_WARN_EMPTY_BODY = YES;
				CLANG_WARN_ENUM_CONVERSION = YES;
				CLANG_WARN_INFINITE_RECURSION = YES;
				CLANG_WARN_INT_CONVERSION = YES;
				CLANG_WARN_NON_LITERAL_NULL_CONVERSION = YES;
				CLANG_WARN_OBJC_IMPLICIT_RETAIN_SELF = YES;
				CLANG_WARN_OBJC_LITERAL_CONVERSION = YES;
				CLANG_WARN_OBJC_ROOT_CLASS = YES_ERROR;
				CLANG_WARN_QUOTED_INCLUDE_IN_FRAMEWORK_HEADER = YES;
				CLANG_WARN_RANGE_LOOP_ANALYSIS = YES;
				CLANG_WARN_STRICT_PROTOTYPES = YES;
				CLANG_WARN_SUSPICIOUS_MOVE = YES;
				CLANG_WARN_UNGUARDED_AVAILABILITY = YES_AGGRESSIVE;
				CLANG_WARN_UNREACHABLE_CODE = YES;
				CLANG_WARN__DUPLICATE_METHOD_MATCH = YES;
				COPY_PHASE_STRIP = NO;
				DEBUG_INFORMATION_FORMAT = "dwarf-with-dsym";
				ENABLE_NS_ASSERTIONS = NO;
				ENABLE_STRICT_OBJC_MSGSEND = YES;
				GCC_C_LANGUAGE_STANDARD = gnu11;
				GCC_NO_COMMON_BLOCKS = YES;
				GCC_WARN_64_TO_32_BIT_CONVERSION = YES;
				GCC_WARN_ABOUT_RETURN_TYPE = YES_ERROR;
				GCC_WARN_UNDECLARED_SELECTOR = YES;
				GCC_WARN_UNINITIALIZED_AUTOS = YES_AGGRESSIVE;
				GCC_WARN_UNUSED_FUNCTION = YES;
				GCC_WARN_UNUSED_VARIABLE = YES;
				IPHONEOS_DEPLOYMENT_TARGET = 16.0;
				MTL_ENABLE_DEBUG_INFO = NO;
				MTL_FAST_MATH = YES;
				SDKROOT = iphoneos;
				SWIFT_COMPILATION_MODE = wholemodule;
				SWIFT_OPTIMIZATION_LEVEL = "-O";
				VALIDATE_PRODUCT = YES;
			};
			name = Release;
		};
		687DC2022AB41351002A1208 /* Debug */ = {
			isa = XCBuildConfiguration;
			buildSettings = {
				ASSETCATALOG_COMPILER_APPICON_NAME = AppIcon;
				ASSETCATALOG_COMPILER_GLOBAL_ACCENT_COLOR_NAME = AccentColor;
				CODE_SIGN_STYLE = Automatic;
				CURRENT_PROJECT_VERSION = 1;
				DEVELOPMENT_TEAM = W669X37752;
				GENERATE_INFOPLIST_FILE = YES;
				INFOPLIST_FILE = 07_08_2023_AssignmentSolutions/Info.plist;
				INFOPLIST_KEY_UIApplicationSupportsIndirectInputEvents = YES;
				INFOPLIST_KEY_UILaunchStoryboardName = LaunchScreen;
				INFOPLIST_KEY_UIMainStoryboardFile = Main;
				INFOPLIST_KEY_UISupportedInterfaceOrientations_iPad = "UIInterfaceOrientationPortrait UIInterfaceOrientationPortraitUpsideDown UIInterfaceOrientationLandscapeLeft UIInterfaceOrientationLandscapeRight";
				INFOPLIST_KEY_UISupportedInterfaceOrientations_iPhone = "UIInterfaceOrientationPortrait UIInterfaceOrientationLandscapeLeft UIInterfaceOrientationLandscapeRight";
				LD_RUNPATH_SEARCH_PATHS = (
					"$(inherited)",
					"@executable_path/Frameworks",
				);
				MARKETING_VERSION = 1.0;
				PRODUCT_BUNDLE_IDENTIFIER = "in.bitcode.-7-08-2023-AssignmentSolutions";
				PRODUCT_NAME = "$(TARGET_NAME)";
				SWIFT_EMIT_LOC_STRINGS = YES;
				SWIFT_VERSION = 5.0;
				TARGETED_DEVICE_FAMILY = "1,2";
			};
			name = Debug;
		};
		687DC2032AB41351002A1208 /* Release */ = {
			isa = XCBuildConfiguration;
			buildSettings = {
				ASSETCATALOG_COMPILER_APPICON_NAME = AppIcon;
				ASSETCATALOG_COMPILER_GLOBAL_ACCENT_COLOR_NAME = AccentColor;
				CODE_SIGN_STYLE = Automatic;
				CURRENT_PROJECT_VERSION = 1;
				DEVELOPMENT_TEAM = W669X37752;
				GENERATE_INFOPLIST_FILE = YES;
				INFOPLIST_FILE = 07_08_2023_AssignmentSolutions/Info.plist;
				INFOPLIST_KEY_UIApplicationSupportsIndirectInputEvents = YES;
				INFOPLIST_KEY_UILaunchStoryboardName = LaunchScreen;
				INFOPLIST_KEY_UIMainStoryboardFile = Main;
				INFOPLIST_KEY_UISupportedInterfaceOrientations_iPad = "UIInterfaceOrientationPortrait UIInterfaceOrientationPortraitUpsideDown UIInterfaceOrientationLandscapeLeft UIInterfaceOrientationLandscapeRight";
				INFOPLIST_KEY_UISupportedInterfaceOrientations_iPhone = "UIInterfaceOrientationPortrait UIInterfaceOrientationLandscapeLeft UIInterfaceOrientationLandscapeRight";
				LD_RUNPATH_SEARCH_PATHS = (
					"$(inherited)",
					"@executable_path/Frameworks",
				);
				MARKETING_VERSION = 1.0;
				PRODUCT_BUNDLE_IDENTIFIER = "in.bitcode.-7-08-2023-AssignmentSolutions";
				PRODUCT_NAME = "$(TARGET_NAME)";
				SWIFT_EMIT_LOC_STRINGS = YES;
				SWIFT_VERSION = 5.0;
				TARGETED_DEVICE_FAMILY = "1,2";
			};
			name = Release;
		};
/* End XCBuildConfiguration section */

/* Begin XCConfigurationList section */
		687DC1E82AB41350002A1208 /* Build configuration list for PBXProject "07_08_2023_AssignmentSolutions" */ = {
			isa = XCConfigurationList;
			buildConfigurations = (
				687DC1FF2AB41351002A1208 /* Debug */,
				687DC2002AB41351002A1208 /* Release */,
			);
			defaultConfigurationIsVisible = 0;
			defaultConfigurationName = Release;
		};
		687DC2012AB41351002A1208 /* Build configuration list for PBXNativeTarget "07_08_2023_AssignmentSolutions" */ = {
			isa = XCConfigurationList;
			buildConfigurations = (
				687DC2022AB41351002A1208 /* Debug */,
				687DC2032AB41351002A1208 /* Release */,
			);
			defaultConfigurationIsVisible = 0;
			defaultConfigurationName = Release;
		};
/* End XCConfigurationList section */
	};
	rootObject = 687DC1E52AB41350002A1208 /* Project object */;
}
